
Microsoft Visual Studio Solution File, Format Version 12.00
# Visual Studio Version 17
VisualStudioVersion = 17.11.35327.3
MinimumVisualStudioVersion = 10.0.40219.1
Project("{9A19103F-16F7-4668-BE54-9A1E7A4F7556}") = "Steam Desktop Authenticator", "Steam Desktop Authenticator\Steam Desktop Authenticator.csproj", "{A2E468BB-C2D3-48FE-8F88-806D2C2F93A1}"
EndProject
Project("{9A19103F-16F7-4668-BE54-9A1E7A4F7556}") = "SteamAuth", "lib\SteamAuth\SteamAuth\SteamAuth.csproj", "{5AD0934E-F6C4-4AE5-83AF-C788313B2A87}"
EndProject
Global
	GlobalSection(SolutionConfigurationPlatforms) = preSolution
		Debug|Any CPU = Debug|Any CPU
		Release|Any CPU = Release|Any CPU
	EndGlobalSection
	GlobalSection(ProjectConfigurationPlatforms) = postSolution
		{A2E468BB-C2D3-48FE-8F88-806D2C2F93A1}.Debug|Any CPU.ActiveCfg = Debug|Any CPU
		{A2E468BB-C2D3-48FE-8F88-806D2C2F93A1}.Debug|Any CPU.Build.0 = Debug|Any CPU
		{A2E468BB-C2D3-48FE-8F88-806D2C2F93A1}.Release|Any CPU.ActiveCfg = Release|Any CPU
		{A2E468BB-C2D3-48FE-8F88-806D2C2F93A1}.Release|Any CPU.Build.0 = Release|Any CPU
		{5AD0934E-F6C4-4AE5-83AF-C788313B2A87}.Debug|Any CPU.ActiveCfg = Debug|Any CPU
		{5AD0934E-F6C4-4AE5-83AF-C788313B2A87}.Debug|Any CPU.Build.0 = Debug|Any CPU
		{5AD0934E-F6C4-4AE5-83AF-C788313B2A87}.Release|Any CPU.ActiveCfg = Release|Any CPU
		{5AD0934E-F6C4-4AE5-83AF-C788313B2A87}.Release|Any CPU.Build.0 = Release|Any CPU
	EndGlobalSection
	GlobalSection(SolutionProperties) = preSolution
		HideSolutionNode = FALSE
	EndGlobalSection
	GlobalSection(ExtensibilityGlobals) = postSolution
		SolutionGuid = {44873D7A-B20E-4469-9EFE-3E8559BCA721}
	EndGlobalSection
EndGlobal
