
Microsoft Visual Studio Solution File, Format Version 12.00
# Visual Studio 14
VisualStudioVersion = 14.0.23107.0
MinimumVisualStudioVersion = 10.0.40219.1
Project("{FAE04EC0-301F-11D3-BF4B-00C04F79EFBC}") = "Steam Desktop Authenticator", "Steam Desktop Authenticator.csproj", "{0F37C513-9AF4-42C8-9CE9-F9B3BFA55E4E}"
EndProject
Project("{FAE04EC0-301F-11D3-BF4B-00C04F79EFBC}") = "SteamAuth", "..\lib\SteamAuth\SteamAuth\SteamAuth.csproj", "{5AD0934E-F6C4-4AE5-83AF-C788313B2A87}"
EndProject
Global
	GlobalSection(SolutionConfigurationPlatforms) = preSolution
		Debug|Any CPU = Debug|Any CPU
		Release|Any CPU = Release|Any CPU
	EndGlobalSection
	GlobalSection(ProjectConfigurationPlatforms) = postSolution
		{0F37C513-9AF4-42C8-9CE9-F9B3BFA55E4E}.Debug|Any CPU.ActiveCfg = Debug|Any CPU
		{0F37C513-9AF4-42C8-9CE9-F9B3BFA55E4E}.Debug|Any CPU.Build.0 = Debug|Any CPU
		{0F37C513-9AF4-42C8-9CE9-F9B3BFA55E4E}.Release|Any CPU.ActiveCfg = Release|Any CPU
		{0F37C513-9AF4-42C8-9CE9-F9B3BFA55E4E}.Release|Any CPU.Build.0 = Release|Any CPU
		{5AD0934E-F6C4-4AE5-83AF-C788313B2A87}.Debug|Any CPU.ActiveCfg = Debug|Any CPU
		{5AD0934E-F6C4-4AE5-83AF-C788313B2A87}.Debug|Any CPU.Build.0 = Debug|Any CPU
		{5AD0934E-F6C4-4AE5-83AF-C788313B2A87}.Release|Any CPU.ActiveCfg = Release|Any CPU
		{5AD0934E-F6C4-4AE5-83AF-C788313B2A87}.Release|Any CPU.Build.0 = Release|Any CPU
	EndGlobalSection
	GlobalSection(SolutionProperties) = preSolution
		HideSolutionNode = FALSE
	EndGlobalSection
EndGlobal
