
Microsoft Visual Studio Solution File, Format Version 12.00
# Visual Studio 14
VisualStudioVersion = 14.0.25420.1
MinimumVisualStudioVersion = 10.0.40219.1
Project("{FAE04EC0-301F-11D3-BF4B-00C04F79EFBC}") = "Steam Desktop Authenticator", "Steam Desktop Authenticator.csproj", "{0F37C513-9AF4-42C8-9CE9-F9B3BFA55E4E}"
EndProject
Project("{FAE04EC0-301F-11D3-BF4B-00C04F79EFBC}") = "SteamAuth", "..\lib\SteamAuth\SteamAuth\SteamAuth.csproj", "{5AD0934E-F6C4-4AE5-83AF-C788313B2A87}"
EndProject
Global
	GlobalSection(SolutionConfigurationPlatforms) = preSolution
		Debug|x86 = Debug|x86
		Release|x86 = Release|x86
	EndGlobalSection
	GlobalSection(ProjectConfigurationPlatforms) = postSolution
		{0F37C513-9AF4-42C8-9CE9-F9B3BFA55E4E}.Debug|x86.ActiveCfg = Debug|x86
		{0F37C513-9AF4-42C8-9CE9-F9B3BFA55E4E}.Debug|x86.Build.0 = Debug|x86
		{0F37C513-9AF4-42C8-9CE9-F9B3BFA55E4E}.Release|x86.ActiveCfg = Release|x86
		{0F37C513-9AF4-42C8-9CE9-F9B3BFA55E4E}.Release|x86.Build.0 = Release|x86
		{5AD0934E-F6C4-4AE5-83AF-C788313B2A87}.Debug|x86.ActiveCfg = Debug|Any CPU
		{5AD0934E-F6C4-4AE5-83AF-C788313B2A87}.Debug|x86.Build.0 = Debug|Any CPU
		{5AD0934E-F6C4-4AE5-83AF-C788313B2A87}.Release|x86.ActiveCfg = Release|Any CPU
		{5AD0934E-F6C4-4AE5-83AF-C788313B2A87}.Release|x86.Build.0 = Release|Any CPU
	EndGlobalSection
	GlobalSection(SolutionProperties) = preSolution
		HideSolutionNode = FALSE
	EndGlobalSection
EndGlobal
